// !$*UTF8*$!
{
	archiveVersion = 1;
	classes = {
	};
	objectVersion = 56;
	objects = {

/* Begin PBXBuildFile section */
		04130EC929E8E74D00E0EFAB /* landmarkData.json in Resources */ = {isa = PBXBuildFile; fileRef = 04130EC829E8E74D00E0EFAB /* landmarkData.json */; };
		04130ECB29E8E77B00E0EFAB /* Landmark.swift in Sources */ = {isa = PBXBuildFile; fileRef = 04130ECA29E8E77B00E0EFAB /* Landmark.swift */; };
		04130ECD29E8E7FF00E0EFAB /* ModelData.swift in Sources */ = {isa = PBXBuildFile; fileRef = 04130ECC29E8E7FF00E0EFAB /* ModelData.swift */; };
		04130ED229E8E8E500E0EFAB /* LandmarkRow.swift in Sources */ = {isa = PBXBuildFile; fileRef = 04130ED129E8E8E500E0EFAB /* LandmarkRow.swift */; };
		04130ED429E8EAB300E0EFAB /* LandmarkList.swift in Sources */ = {isa = PBXBuildFile; fileRef = 04130ED329E8EAB300E0EFAB /* LandmarkList.swift */; };
		04130ED629E8EB6E00E0EFAB /* LandmarkDetail.swift in Sources */ = {isa = PBXBuildFile; fileRef = 04130ED529E8EB6E00E0EFAB /* LandmarkDetail.swift */; };
		04130ED829E8F50600E0EFAB /* FavoriteButton.swift in Sources */ = {isa = PBXBuildFile; fileRef = 04130ED729E8F50600E0EFAB /* FavoriteButton.swift */; };
		04130EDC29E8F5F100E0EFAB /* HexagonParameters.swift in Sources */ = {isa = PBXBuildFile; fileRef = 04130EDB29E8F5F100E0EFAB /* HexagonParameters.swift */; };
		04130EDE29E8F63C00E0EFAB /* BadgeBackground.swift in Sources */ = {isa = PBXBuildFile; fileRef = 04130EDD29E8F63C00E0EFAB /* BadgeBackground.swift */; };
		04130EE029E8F82600E0EFAB /* BadgeSymbol.swift in Sources */ = {isa = PBXBuildFile; fileRef = 04130EDF29E8F82600E0EFAB /* BadgeSymbol.swift */; };
		04130EE229E8F8A600E0EFAB /* RotateBadgeSymbol.swift in Sources */ = {isa = PBXBuildFile; fileRef = 04130EE129E8F8A600E0EFAB /* RotateBadgeSymbol.swift */; };
		04130EE429E8F95D00E0EFAB /* Badge.swift in Sources */ = {isa = PBXBuildFile; fileRef = 04130EE329E8F95D00E0EFAB /* Badge.swift */; };
		04130EE729E8FAD700E0EFAB /* hikeData.json in Resources */ = {isa = PBXBuildFile; fileRef = 04130EE629E8FAD700E0EFAB /* hikeData.json */; };
		04130EE929E8FAF300E0EFAB /* Hike.swift in Sources */ = {isa = PBXBuildFile; fileRef = 04130EE829E8FAF300E0EFAB /* Hike.swift */; };
		04130EF129E8FB4300E0EFAB /* GraphCapsule.swift in Sources */ = {isa = PBXBuildFile; fileRef = 04130EED29E8FB4300E0EFAB /* GraphCapsule.swift */; };
		04130EF229E8FB4300E0EFAB /* HikeGraph.swift in Sources */ = {isa = PBXBuildFile; fileRef = 04130EEE29E8FB4300E0EFAB /* HikeGraph.swift */; };
		04130EF329E8FB4300E0EFAB /* HikeDetail.swift in Sources */ = {isa = PBXBuildFile; fileRef = 04130EEF29E8FB4300E0EFAB /* HikeDetail.swift */; };
		04130EF429E8FB4300E0EFAB /* HikeView.swift in Sources */ = {isa = PBXBuildFile; fileRef = 04130EF029E8FB4300E0EFAB /* HikeView.swift */; };
		0416556429E4EF450077B721 /* AFL3_0706012110005_Kenneth_Raffelino_SApp.swift in Sources */ = {isa = PBXBuildFile; fileRef = 0416556329E4EF450077B721 /* AFL3_0706012110005_Kenneth_Raffelino_SApp.swift */; };
		0416556629E4EF450077B721 /* ContentView.swift in Sources */ = {isa = PBXBuildFile; fileRef = 0416556529E4EF450077B721 /* ContentView.swift */; };
		0416556829E4EF470077B721 /* Assets.xcassets in Resources */ = {isa = PBXBuildFile; fileRef = 0416556729E4EF470077B721 /* Assets.xcassets */; };
		0416556B29E4EF470077B721 /* Preview Assets.xcassets in Resources */ = {isa = PBXBuildFile; fileRef = 0416556A29E4EF470077B721 /* Preview Assets.xcassets */; };
		0416557529E4EF470077B721 /* AFL3_0706012110005_Kenneth_Raffelino_STests.swift in Sources */ = {isa = PBXBuildFile; fileRef = 0416557429E4EF470077B721 /* AFL3_0706012110005_Kenneth_Raffelino_STests.swift */; };
		0416557F29E4EF470077B721 /* AFL3_0706012110005_Kenneth_Raffelino_SUITests.swift in Sources */ = {isa = PBXBuildFile; fileRef = 0416557E29E4EF470077B721 /* AFL3_0706012110005_Kenneth_Raffelino_SUITests.swift */; };
		0416558129E4EF470077B721 /* AFL3_0706012110005_Kenneth_Raffelino_SUITestsLaunchTests.swift in Sources */ = {isa = PBXBuildFile; fileRef = 0416558029E4EF470077B721 /* AFL3_0706012110005_Kenneth_Raffelino_SUITestsLaunchTests.swift */; };
		0416558E29E4F52F0077B721 /* CircleImage.swift in Sources */ = {isa = PBXBuildFile; fileRef = 0416558D29E4F52F0077B721 /* CircleImage.swift */; };
		0416559029E4F6140077B721 /* MapView.swift in Sources */ = {isa = PBXBuildFile; fileRef = 0416558F29E4F6140077B721 /* MapView.swift */; };
		0472EBD729F843A9004E2B68 /* ContentView.swift in Sources */ = {isa = PBXBuildFile; fileRef = 0472EBD629F843A9004E2B68 /* ContentView.swift */; };
		0472EBD929F843AF004E2B68 /* Assets.xcassets in Resources */ = {isa = PBXBuildFile; fileRef = 0472EBD829F843AF004E2B68 /* Assets.xcassets */; };
		0472EBDC29F843AF004E2B68 /* Preview Assets.xcassets in Resources */ = {isa = PBXBuildFile; fileRef = 0472EBDB29F843AF004E2B68 /* Preview Assets.xcassets */; };
		0472EBE729F843B0004E2B68 /* MacLandmarksTests.swift in Sources */ = {isa = PBXBuildFile; fileRef = 0472EBE629F843B0004E2B68 /* MacLandmarksTests.swift */; };
		0472EBF129F843B0004E2B68 /* MacLandmarksUITests.swift in Sources */ = {isa = PBXBuildFile; fileRef = 0472EBF029F843B0004E2B68 /* MacLandmarksUITests.swift */; };
		0472EBF329F843B0004E2B68 /* MacLandmarksUITestsLaunchTests.swift in Sources */ = {isa = PBXBuildFile; fileRef = 0472EBF229F843B0004E2B68 /* MacLandmarksUITestsLaunchTests.swift */; };
		0472EBFE29F98B04004E2B68 /* Hike.swift in Sources */ = {isa = PBXBuildFile; fileRef = 04130EE829E8FAF300E0EFAB /* Hike.swift */; };
		0472EBFF29F98B04004E2B68 /* Profile.swift in Sources */ = {isa = PBXBuildFile; fileRef = 04788E1529EE2FBA00018058 /* Profile.swift */; };
		0472EC0029F98B04004E2B68 /* AFL3_0706012110005_Kenneth_Raffelino_SApp.swift in Sources */ = {isa = PBXBuildFile; fileRef = 0416556329E4EF450077B721 /* AFL3_0706012110005_Kenneth_Raffelino_SApp.swift */; };
		0472EC0129F98B04004E2B68 /* CircleImage.swift in Sources */ = {isa = PBXBuildFile; fileRef = 0416558D29E4F52F0077B721 /* CircleImage.swift */; };
		0472EC0229F98B04004E2B68 /* FavoriteButton.swift in Sources */ = {isa = PBXBuildFile; fileRef = 04130ED729E8F50600E0EFAB /* FavoriteButton.swift */; };
		0472EC0329F98B04004E2B68 /* LandmarkList.swift in Sources */ = {isa = PBXBuildFile; fileRef = 04130ED329E8EAB300E0EFAB /* LandmarkList.swift */; };
		0472EC0429F98B04004E2B68 /* hikeData.json in Resources */ = {isa = PBXBuildFile; fileRef = 04130EE629E8FAD700E0EFAB /* hikeData.json */; };
		0472EC0529F98B04004E2B68 /* landmarkData.json in Resources */ = {isa = PBXBuildFile; fileRef = 04130EC829E8E74D00E0EFAB /* landmarkData.json */; };
		0472EC0629F98B04004E2B68 /* Landmark.swift in Sources */ = {isa = PBXBuildFile; fileRef = 04130ECA29E8E77B00E0EFAB /* Landmark.swift */; };
		0472EC0729F98B04004E2B68 /* ModelData.swift in Sources */ = {isa = PBXBuildFile; fileRef = 04130ECC29E8E7FF00E0EFAB /* ModelData.swift */; };
		0472EC0829F98B04004E2B68 /* MapView.swift in Sources */ = {isa = PBXBuildFile; fileRef = 0416558F29E4F6140077B721 /* MapView.swift */; };
		0472EC0929F98B04004E2B68 /* Assets.xcassets in Resources */ = {isa = PBXBuildFile; fileRef = 0416556729E4EF470077B721 /* Assets.xcassets */; };
		0472EC0A29F98B04004E2B68 /* LandmarkRow.swift in Sources */ = {isa = PBXBuildFile; fileRef = 04130ED129E8E8E500E0EFAB /* LandmarkRow.swift */; };
		04788E1029EE257F00018058 /* CategoryHome.swift in Sources */ = {isa = PBXBuildFile; fileRef = 04788E0F29EE257F00018058 /* CategoryHome.swift */; };
		04788E1229EE270500018058 /* CategoryRow.swift in Sources */ = {isa = PBXBuildFile; fileRef = 04788E1129EE270500018058 /* CategoryRow.swift */; };
		04788E1429EE282F00018058 /* CategoryItem.swift in Sources */ = {isa = PBXBuildFile; fileRef = 04788E1329EE282F00018058 /* CategoryItem.swift */; };
		04788E1629EE2FBA00018058 /* Profile.swift in Sources */ = {isa = PBXBuildFile; fileRef = 04788E1529EE2FBA00018058 /* Profile.swift */; };
		04788E1929EE301700018058 /* ProfileHost.swift in Sources */ = {isa = PBXBuildFile; fileRef = 04788E1829EE301700018058 /* ProfileHost.swift */; };
		04788E1B29EE303D00018058 /* ProfileSumary.swift in Sources */ = {isa = PBXBuildFile; fileRef = 04788E1A29EE303D00018058 /* ProfileSumary.swift */; };
		04788E1D29EE307D00018058 /* HikeBadge.swift in Sources */ = {isa = PBXBuildFile; fileRef = 04788E1C29EE307D00018058 /* HikeBadge.swift */; };
		04788E1F29EE324D00018058 /* ProfileEditor.swift in Sources */ = {isa = PBXBuildFile; fileRef = 04788E1E29EE324D00018058 /* ProfileEditor.swift */; };
		04788E2229EE365D00018058 /* PageViewController.swift in Sources */ = {isa = PBXBuildFile; fileRef = 04788E2129EE365D00018058 /* PageViewController.swift */; };
		04788E2429EE374D00018058 /* FeatureCard.swift in Sources */ = {isa = PBXBuildFile; fileRef = 04788E2329EE374D00018058 /* FeatureCard.swift */; };
		04788E2629EE37AD00018058 /* PageView.swift in Sources */ = {isa = PBXBuildFile; fileRef = 04788E2529EE37AD00018058 /* PageView.swift */; };
		04788E2829EE3B6000018058 /* PageControl.swift in Sources */ = {isa = PBXBuildFile; fileRef = 04788E2729EE3B6000018058 /* PageControl.swift */; };
/* End PBXBuildFile section */

/* Begin PBXContainerItemProxy section */
		0416557129E4EF470077B721 /* PBXContainerItemProxy */ = {
			isa = PBXContainerItemProxy;
			containerPortal = 0416555829E4EF450077B721 /* Project object */;
			proxyType = 1;
			remoteGlobalIDString = 0416555F29E4EF450077B721;
			remoteInfo = "AFL3-0706012110005-Kenneth Raffelino S";
		};
		0416557B29E4EF470077B721 /* PBXContainerItemProxy */ = {
			isa = PBXContainerItemProxy;
			containerPortal = 0416555829E4EF450077B721 /* Project object */;
			proxyType = 1;
			remoteGlobalIDString = 0416555F29E4EF450077B721;
			remoteInfo = "AFL3-0706012110005-Kenneth Raffelino S";
		};
		0472EBE329F843AF004E2B68 /* PBXContainerItemProxy */ = {
			isa = PBXContainerItemProxy;
			containerPortal = 0416555829E4EF450077B721 /* Project object */;
			proxyType = 1;
			remoteGlobalIDString = 0472EBD129F843A9004E2B68;
			remoteInfo = MacLandmarks;
		};
		0472EBED29F843B0004E2B68 /* PBXContainerItemProxy */ = {
			isa = PBXContainerItemProxy;
			containerPortal = 0416555829E4EF450077B721 /* Project object */;
			proxyType = 1;
			remoteGlobalIDString = 0472EBD129F843A9004E2B68;
			remoteInfo = MacLandmarks;
		};
/* End PBXContainerItemProxy section */

/* Begin PBXFileReference section */
		04130EC829E8E74D00E0EFAB /* landmarkData.json */ = {isa = PBXFileReference; fileEncoding = 4; lastKnownFileType = text.json; path = landmarkData.json; sourceTree = "<group>"; };
		04130ECA29E8E77B00E0EFAB /* Landmark.swift */ = {isa = PBXFileReference; lastKnownFileType = sourcecode.swift; path = Landmark.swift; sourceTree = "<group>"; };
		04130ECC29E8E7FF00E0EFAB /* ModelData.swift */ = {isa = PBXFileReference; lastKnownFileType = sourcecode.swift; path = ModelData.swift; sourceTree = "<group>"; };
		04130ED129E8E8E500E0EFAB /* LandmarkRow.swift */ = {isa = PBXFileReference; lastKnownFileType = sourcecode.swift; path = LandmarkRow.swift; sourceTree = "<group>"; };
		04130ED329E8EAB300E0EFAB /* LandmarkList.swift */ = {isa = PBXFileReference; lastKnownFileType = sourcecode.swift; path = LandmarkList.swift; sourceTree = "<group>"; };
		04130ED529E8EB6E00E0EFAB /* LandmarkDetail.swift */ = {isa = PBXFileReference; lastKnownFileType = sourcecode.swift; path = LandmarkDetail.swift; sourceTree = "<group>"; };
		04130ED729E8F50600E0EFAB /* FavoriteButton.swift */ = {isa = PBXFileReference; lastKnownFileType = sourcecode.swift; path = FavoriteButton.swift; sourceTree = "<group>"; };
		04130EDB29E8F5F100E0EFAB /* HexagonParameters.swift */ = {isa = PBXFileReference; lastKnownFileType = sourcecode.swift; path = HexagonParameters.swift; sourceTree = "<group>"; };
		04130EDD29E8F63C00E0EFAB /* BadgeBackground.swift */ = {isa = PBXFileReference; lastKnownFileType = sourcecode.swift; path = BadgeBackground.swift; sourceTree = "<group>"; };
		04130EDF29E8F82600E0EFAB /* BadgeSymbol.swift */ = {isa = PBXFileReference; lastKnownFileType = sourcecode.swift; path = BadgeSymbol.swift; sourceTree = "<group>"; };
		04130EE129E8F8A600E0EFAB /* RotateBadgeSymbol.swift */ = {isa = PBXFileReference; lastKnownFileType = sourcecode.swift; path = RotateBadgeSymbol.swift; sourceTree = "<group>"; };
		04130EE329E8F95D00E0EFAB /* Badge.swift */ = {isa = PBXFileReference; lastKnownFileType = sourcecode.swift; path = Badge.swift; sourceTree = "<group>"; };
		04130EE629E8FAD700E0EFAB /* hikeData.json */ = {isa = PBXFileReference; fileEncoding = 4; lastKnownFileType = text.json; path = hikeData.json; sourceTree = "<group>"; };
		04130EE829E8FAF300E0EFAB /* Hike.swift */ = {isa = PBXFileReference; lastKnownFileType = sourcecode.swift; path = Hike.swift; sourceTree = "<group>"; };
		04130EED29E8FB4300E0EFAB /* GraphCapsule.swift */ = {isa = PBXFileReference; fileEncoding = 4; lastKnownFileType = sourcecode.swift; path = GraphCapsule.swift; sourceTree = "<group>"; };
		04130EEE29E8FB4300E0EFAB /* HikeGraph.swift */ = {isa = PBXFileReference; fileEncoding = 4; lastKnownFileType = sourcecode.swift; path = HikeGraph.swift; sourceTree = "<group>"; };
		04130EEF29E8FB4300E0EFAB /* HikeDetail.swift */ = {isa = PBXFileReference; fileEncoding = 4; lastKnownFileType = sourcecode.swift; path = HikeDetail.swift; sourceTree = "<group>"; };
		04130EF029E8FB4300E0EFAB /* HikeView.swift */ = {isa = PBXFileReference; fileEncoding = 4; lastKnownFileType = sourcecode.swift; path = HikeView.swift; sourceTree = "<group>"; };
		0416556029E4EF450077B721 /* AFL3-0706012110005-Kenneth Raffelino S.app */ = {isa = PBXFileReference; explicitFileType = wrapper.application; includeInIndex = 0; path = "AFL3-0706012110005-Kenneth Raffelino S.app"; sourceTree = BUILT_PRODUCTS_DIR; };
		0416556329E4EF450077B721 /* AFL3_0706012110005_Kenneth_Raffelino_SApp.swift */ = {isa = PBXFileReference; lastKnownFileType = sourcecode.swift; path = AFL3_0706012110005_Kenneth_Raffelino_SApp.swift; sourceTree = "<group>"; };
		0416556529E4EF450077B721 /* ContentView.swift */ = {isa = PBXFileReference; lastKnownFileType = sourcecode.swift; path = ContentView.swift; sourceTree = "<group>"; };
		0416556729E4EF470077B721 /* Assets.xcassets */ = {isa = PBXFileReference; lastKnownFileType = folder.assetcatalog; path = Assets.xcassets; sourceTree = "<group>"; };
		0416556A29E4EF470077B721 /* Preview Assets.xcassets */ = {isa = PBXFileReference; lastKnownFileType = folder.assetcatalog; path = "Preview Assets.xcassets"; sourceTree = "<group>"; };
		0416557029E4EF470077B721 /* AFL3-0706012110005-Kenneth Raffelino STests.xctest */ = {isa = PBXFileReference; explicitFileType = wrapper.cfbundle; includeInIndex = 0; path = "AFL3-0706012110005-Kenneth Raffelino STests.xctest"; sourceTree = BUILT_PRODUCTS_DIR; };
		0416557429E4EF470077B721 /* AFL3_0706012110005_Kenneth_Raffelino_STests.swift */ = {isa = PBXFileReference; lastKnownFileType = sourcecode.swift; path = AFL3_0706012110005_Kenneth_Raffelino_STests.swift; sourceTree = "<group>"; };
		0416557A29E4EF470077B721 /* AFL3-0706012110005-Kenneth Raffelino SUITests.xctest */ = {isa = PBXFileReference; explicitFileType = wrapper.cfbundle; includeInIndex = 0; path = "AFL3-0706012110005-Kenneth Raffelino SUITests.xctest"; sourceTree = BUILT_PRODUCTS_DIR; };
		0416557E29E4EF470077B721 /* AFL3_0706012110005_Kenneth_Raffelino_SUITests.swift */ = {isa = PBXFileReference; lastKnownFileType = sourcecode.swift; path = AFL3_0706012110005_Kenneth_Raffelino_SUITests.swift; sourceTree = "<group>"; };
		0416558029E4EF470077B721 /* AFL3_0706012110005_Kenneth_Raffelino_SUITestsLaunchTests.swift */ = {isa = PBXFileReference; lastKnownFileType = sourcecode.swift; path = AFL3_0706012110005_Kenneth_Raffelino_SUITestsLaunchTests.swift; sourceTree = "<group>"; };
		0416558D29E4F52F0077B721 /* CircleImage.swift */ = {isa = PBXFileReference; lastKnownFileType = sourcecode.swift; path = CircleImage.swift; sourceTree = "<group>"; };
		0416558F29E4F6140077B721 /* MapView.swift */ = {isa = PBXFileReference; lastKnownFileType = sourcecode.swift; path = MapView.swift; sourceTree = "<group>"; };
		0472EBD229F843A9004E2B68 /* MacLandmarks.app */ = {isa = PBXFileReference; explicitFileType = wrapper.application; includeInIndex = 0; path = MacLandmarks.app; sourceTree = BUILT_PRODUCTS_DIR; };
		0472EBD629F843A9004E2B68 /* ContentView.swift */ = {isa = PBXFileReference; lastKnownFileType = sourcecode.swift; path = ContentView.swift; sourceTree = "<group>"; };
		0472EBD829F843AF004E2B68 /* Assets.xcassets */ = {isa = PBXFileReference; lastKnownFileType = folder.assetcatalog; path = Assets.xcassets; sourceTree = "<group>"; };
		0472EBDB29F843AF004E2B68 /* Preview Assets.xcassets */ = {isa = PBXFileReference; lastKnownFileType = folder.assetcatalog; path = "Preview Assets.xcassets"; sourceTree = "<group>"; };
		0472EBDD29F843AF004E2B68 /* MacLandmarks.entitlements */ = {isa = PBXFileReference; lastKnownFileType = text.plist.entitlements; path = MacLandmarks.entitlements; sourceTree = "<group>"; };
		0472EBE229F843AF004E2B68 /* MacLandmarksTests.xctest */ = {isa = PBXFileReference; explicitFileType = wrapper.cfbundle; includeInIndex = 0; path = MacLandmarksTests.xctest; sourceTree = BUILT_PRODUCTS_DIR; };
		0472EBE629F843B0004E2B68 /* MacLandmarksTests.swift */ = {isa = PBXFileReference; lastKnownFileType = sourcecode.swift; path = MacLandmarksTests.swift; sourceTree = "<group>"; };
		0472EBEC29F843B0004E2B68 /* MacLandmarksUITests.xctest */ = {isa = PBXFileReference; explicitFileType = wrapper.cfbundle; includeInIndex = 0; path = MacLandmarksUITests.xctest; sourceTree = BUILT_PRODUCTS_DIR; };
		0472EBF029F843B0004E2B68 /* MacLandmarksUITests.swift */ = {isa = PBXFileReference; lastKnownFileType = sourcecode.swift; path = MacLandmarksUITests.swift; sourceTree = "<group>"; };
		0472EBF229F843B0004E2B68 /* MacLandmarksUITestsLaunchTests.swift */ = {isa = PBXFileReference; lastKnownFileType = sourcecode.swift; path = MacLandmarksUITestsLaunchTests.swift; sourceTree = "<group>"; };
		04788E0F29EE257F00018058 /* CategoryHome.swift */ = {isa = PBXFileReference; lastKnownFileType = sourcecode.swift; path = CategoryHome.swift; sourceTree = "<group>"; };
		04788E1129EE270500018058 /* CategoryRow.swift */ = {isa = PBXFileReference; lastKnownFileType = sourcecode.swift; path = CategoryRow.swift; sourceTree = "<group>"; };
		04788E1329EE282F00018058 /* CategoryItem.swift */ = {isa = PBXFileReference; lastKnownFileType = sourcecode.swift; path = CategoryItem.swift; sourceTree = "<group>"; };
		04788E1529EE2FBA00018058 /* Profile.swift */ = {isa = PBXFileReference; lastKnownFileType = sourcecode.swift; path = Profile.swift; sourceTree = "<group>"; };
		04788E1829EE301700018058 /* ProfileHost.swift */ = {isa = PBXFileReference; lastKnownFileType = sourcecode.swift; path = ProfileHost.swift; sourceTree = "<group>"; };
		04788E1A29EE303D00018058 /* ProfileSumary.swift */ = {isa = PBXFileReference; lastKnownFileType = sourcecode.swift; path = ProfileSumary.swift; sourceTree = "<group>"; };
		04788E1C29EE307D00018058 /* HikeBadge.swift */ = {isa = PBXFileReference; lastKnownFileType = sourcecode.swift; path = HikeBadge.swift; sourceTree = "<group>"; };
		04788E1E29EE324D00018058 /* ProfileEditor.swift */ = {isa = PBXFileReference; lastKnownFileType = sourcecode.swift; path = ProfileEditor.swift; sourceTree = "<group>"; };
		04788E2129EE365D00018058 /* PageViewController.swift */ = {isa = PBXFileReference; lastKnownFileType = sourcecode.swift; path = PageViewController.swift; sourceTree = "<group>"; };
		04788E2329EE374D00018058 /* FeatureCard.swift */ = {isa = PBXFileReference; lastKnownFileType = sourcecode.swift; path = FeatureCard.swift; sourceTree = "<group>"; };
		04788E2529EE37AD00018058 /* PageView.swift */ = {isa = PBXFileReference; lastKnownFileType = sourcecode.swift; path = PageView.swift; sourceTree = "<group>"; };
		04788E2729EE3B6000018058 /* PageControl.swift */ = {isa = PBXFileReference; lastKnownFileType = sourcecode.swift; path = PageControl.swift; sourceTree = "<group>"; };
/* End PBXFileReference section */

/* Begin PBXFrameworksBuildPhase section */
		0416555D29E4EF450077B721 /* Frameworks */ = {
			isa = PBXFrameworksBuildPhase;
			buildActionMask = 2147483647;
			files = (
			);
			runOnlyForDeploymentPostprocessing = 0;
		};
		0416556D29E4EF470077B721 /* Frameworks */ = {
			isa = PBXFrameworksBuildPhase;
			buildActionMask = 2147483647;
			files = (
			);
			runOnlyForDeploymentPostprocessing = 0;
		};
		0416557729E4EF470077B721 /* Frameworks */ = {
			isa = PBXFrameworksBuildPhase;
			buildActionMask = 2147483647;
			files = (
			);
			runOnlyForDeploymentPostprocessing = 0;
		};
		0472EBCF29F843A9004E2B68 /* Frameworks */ = {
			isa = PBXFrameworksBuildPhase;
			buildActionMask = 2147483647;
			files = (
			);
			runOnlyForDeploymentPostprocessing = 0;
		};
		0472EBDF29F843AF004E2B68 /* Frameworks */ = {
			isa = PBXFrameworksBuildPhase;
			buildActionMask = 2147483647;
			files = (
			);
			runOnlyForDeploymentPostprocessing = 0;
		};
		0472EBE929F843B0004E2B68 /* Frameworks */ = {
			isa = PBXFrameworksBuildPhase;
			buildActionMask = 2147483647;
			files = (
			);
			runOnlyForDeploymentPostprocessing = 0;
		};
/* End PBXFrameworksBuildPhase section */

/* Begin PBXGroup section */
		04130ECE29E8E83400E0EFAB /* Views */ = {
			isa = PBXGroup;
			children = (
				04788E2029EE364A00018058 /* PageView */,
				04788E0C29EE252A00018058 /* Category */,
				0416556529E4EF450077B721 /* ContentView.swift */,
			);
			path = Views;
			sourceTree = "<group>";
		};
		04130ECF29E8E88F00E0EFAB /* Model */ = {
			isa = PBXGroup;
			children = (
				04130ECA29E8E77B00E0EFAB /* Landmark.swift */,
				04130ECC29E8E7FF00E0EFAB /* ModelData.swift */,
				04130EE829E8FAF300E0EFAB /* Hike.swift */,
			);
			path = Model;
			sourceTree = "<group>";
		};
		04130ED029E8E8AC00E0EFAB /* Resources */ = {
			isa = PBXGroup;
			children = (
				04130EC829E8E74D00E0EFAB /* landmarkData.json */,
			);
			path = Resources;
			sourceTree = "<group>";
		};
		04130ED929E8F53600E0EFAB /* Landmarks */ = {
			isa = PBXGroup;
			children = (
				04130ED129E8E8E500E0EFAB /* LandmarkRow.swift */,
				04130ED329E8EAB300E0EFAB /* LandmarkList.swift */,
				04130ED529E8EB6E00E0EFAB /* LandmarkDetail.swift */,
			);
			path = Landmarks;
			sourceTree = "<group>";
		};
		04130EDA29E8F54100E0EFAB /* Helpers */ = {
			isa = PBXGroup;
			children = (
				04130ED729E8F50600E0EFAB /* FavoriteButton.swift */,
				0416558F29E4F6140077B721 /* MapView.swift */,
				0416558D29E4F52F0077B721 /* CircleImage.swift */,
			);
			path = Helpers;
			sourceTree = "<group>";
		};
		04130EE529E8F9BD00E0EFAB /* Badge */ = {
			isa = PBXGroup;
			children = (
				04130EDB29E8F5F100E0EFAB /* HexagonParameters.swift */,
				04130EE329E8F95D00E0EFAB /* Badge.swift */,
				04130EDD29E8F63C00E0EFAB /* BadgeBackground.swift */,
				04130EDF29E8F82600E0EFAB /* BadgeSymbol.swift */,
				04130EE129E8F8A600E0EFAB /* RotateBadgeSymbol.swift */,
			);
			path = Badge;
			sourceTree = "<group>";
		};
		04130EEC29E8FB4300E0EFAB /* Hikes */ = {
			isa = PBXGroup;
			children = (
				04130EED29E8FB4300E0EFAB /* GraphCapsule.swift */,
				04130EEE29E8FB4300E0EFAB /* HikeGraph.swift */,
				04130EEF29E8FB4300E0EFAB /* HikeDetail.swift */,
				04130EF029E8FB4300E0EFAB /* HikeView.swift */,
				04788E1C29EE307D00018058 /* HikeBadge.swift */,
			);
			path = Hikes;
			sourceTree = "<group>";
		};
		0416555729E4EF450077B721 = {
			isa = PBXGroup;
			children = (
				0416556229E4EF450077B721 /* AFL3-0706012110005-Kenneth Raffelino S */,
				0416557329E4EF470077B721 /* AFL3-0706012110005-Kenneth Raffelino STests */,
				0416557D29E4EF470077B721 /* AFL3-0706012110005-Kenneth Raffelino SUITests */,
				0472EBD329F843A9004E2B68 /* MacLandmarks */,
				0472EBE529F843B0004E2B68 /* MacLandmarksTests */,
				0472EBEF29F843B0004E2B68 /* MacLandmarksUITests */,
				0416556129E4EF450077B721 /* Products */,
			);
			sourceTree = "<group>";
		};
		0416556129E4EF450077B721 /* Products */ = {
			isa = PBXGroup;
			children = (
				0416556029E4EF450077B721 /* AFL3-0706012110005-Kenneth Raffelino S.app */,
				0416557029E4EF470077B721 /* AFL3-0706012110005-Kenneth Raffelino STests.xctest */,
				0416557A29E4EF470077B721 /* AFL3-0706012110005-Kenneth Raffelino SUITests.xctest */,
				0472EBD229F843A9004E2B68 /* MacLandmarks.app */,
				0472EBE229F843AF004E2B68 /* MacLandmarksTests.xctest */,
				0472EBEC29F843B0004E2B68 /* MacLandmarksUITests.xctest */,
			);
			name = Products;
			sourceTree = "<group>";
		};
		0416556229E4EF450077B721 /* AFL3-0706012110005-Kenneth Raffelino S */ = {
			isa = PBXGroup;
			children = (
				04130EEC29E8FB4300E0EFAB /* Hikes */,
				04130EE629E8FAD700E0EFAB /* hikeData.json */,
				04130EE529E8F9BD00E0EFAB /* Badge */,
				04130EDA29E8F54100E0EFAB /* Helpers */,
				04130ED929E8F53600E0EFAB /* Landmarks */,
				04130ED029E8E8AC00E0EFAB /* Resources */,
				04130ECF29E8E88F00E0EFAB /* Model */,
				04130ECE29E8E83400E0EFAB /* Views */,
				04788E1729EE2FE600018058 /* Profiles */,
				0416556329E4EF450077B721 /* AFL3_0706012110005_Kenneth_Raffelino_SApp.swift */,
				0416556729E4EF470077B721 /* Assets.xcassets */,
				0416556929E4EF470077B721 /* Preview Content */,
				04788E1529EE2FBA00018058 /* Profile.swift */,
				04788E2329EE374D00018058 /* FeatureCard.swift */,
			);
			path = "AFL3-0706012110005-Kenneth Raffelino S";
			sourceTree = "<group>";
		};
		0416556929E4EF470077B721 /* Preview Content */ = {
			isa = PBXGroup;
			children = (
				0416556A29E4EF470077B721 /* Preview Assets.xcassets */,
			);
			path = "Preview Content";
			sourceTree = "<group>";
		};
		0416557329E4EF470077B721 /* AFL3-0706012110005-Kenneth Raffelino STests */ = {
			isa = PBXGroup;
			children = (
				0416557429E4EF470077B721 /* AFL3_0706012110005_Kenneth_Raffelino_STests.swift */,
			);
			path = "AFL3-0706012110005-Kenneth Raffelino STests";
			sourceTree = "<group>";
		};
		0416557D29E4EF470077B721 /* AFL3-0706012110005-Kenneth Raffelino SUITests */ = {
			isa = PBXGroup;
			children = (
				0416557E29E4EF470077B721 /* AFL3_0706012110005_Kenneth_Raffelino_SUITests.swift */,
				0416558029E4EF470077B721 /* AFL3_0706012110005_Kenneth_Raffelino_SUITestsLaunchTests.swift */,
			);
			path = "AFL3-0706012110005-Kenneth Raffelino SUITests";
			sourceTree = "<group>";
		};
		0472EBD329F843A9004E2B68 /* MacLandmarks */ = {
			isa = PBXGroup;
			children = (
				0472EBD629F843A9004E2B68 /* ContentView.swift */,
				0472EBD829F843AF004E2B68 /* Assets.xcassets */,
				0472EBDD29F843AF004E2B68 /* MacLandmarks.entitlements */,
				0472EBDA29F843AF004E2B68 /* Preview Content */,
			);
			path = MacLandmarks;
			sourceTree = "<group>";
		};
		0472EBDA29F843AF004E2B68 /* Preview Content */ = {
			isa = PBXGroup;
			children = (
				0472EBDB29F843AF004E2B68 /* Preview Assets.xcassets */,
			);
			path = "Preview Content";
			sourceTree = "<group>";
		};
		0472EBE529F843B0004E2B68 /* MacLandmarksTests */ = {
			isa = PBXGroup;
			children = (
				0472EBE629F843B0004E2B68 /* MacLandmarksTests.swift */,
			);
			path = MacLandmarksTests;
			sourceTree = "<group>";
		};
		0472EBEF29F843B0004E2B68 /* MacLandmarksUITests */ = {
			isa = PBXGroup;
			children = (
				0472EBF029F843B0004E2B68 /* MacLandmarksUITests.swift */,
				0472EBF229F843B0004E2B68 /* MacLandmarksUITestsLaunchTests.swift */,
			);
			path = MacLandmarksUITests;
			sourceTree = "<group>";
		};
		04788E0C29EE252A00018058 /* Category */ = {
			isa = PBXGroup;
			children = (
				04788E0F29EE257F00018058 /* CategoryHome.swift */,
				04788E1129EE270500018058 /* CategoryRow.swift */,
				04788E1329EE282F00018058 /* CategoryItem.swift */,
			);
			path = Category;
			sourceTree = "<group>";
		};
		04788E1729EE2FE600018058 /* Profiles */ = {
			isa = PBXGroup;
			children = (
				04788E1829EE301700018058 /* ProfileHost.swift */,
				04788E1A29EE303D00018058 /* ProfileSumary.swift */,
				04788E1E29EE324D00018058 /* ProfileEditor.swift */,
			);
			path = Profiles;
			sourceTree = "<group>";
		};
		04788E2029EE364A00018058 /* PageView */ = {
			isa = PBXGroup;
			children = (
				04788E2529EE37AD00018058 /* PageView.swift */,
				04788E2129EE365D00018058 /* PageViewController.swift */,
				04788E2729EE3B6000018058 /* PageControl.swift */,
			);
			path = PageView;
			sourceTree = "<group>";
		};
/* End PBXGroup section */

/* Begin PBXNativeTarget section */
		0416555F29E4EF450077B721 /* AFL3-0706012110005-Kenneth Raffelino S */ = {
			isa = PBXNativeTarget;
			buildConfigurationList = 0416558429E4EF470077B721 /* Build configuration list for PBXNativeTarget "AFL3-0706012110005-Kenneth Raffelino S" */;
			buildPhases = (
				0416555C29E4EF450077B721 /* Sources */,
				0416555D29E4EF450077B721 /* Frameworks */,
				0416555E29E4EF450077B721 /* Resources */,
			);
			buildRules = (
			);
			dependencies = (
			);
			name = "AFL3-0706012110005-Kenneth Raffelino S";
			productName = "AFL3-0706012110005-Kenneth Raffelino S";
			productReference = 0416556029E4EF450077B721 /* AFL3-0706012110005-Kenneth Raffelino S.app */;
			productType = "com.apple.product-type.application";
		};
		0416556F29E4EF470077B721 /* AFL3-0706012110005-Kenneth Raffelino STests */ = {
			isa = PBXNativeTarget;
			buildConfigurationList = 0416558729E4EF470077B721 /* Build configuration list for PBXNativeTarget "AFL3-0706012110005-Kenneth Raffelino STests" */;
			buildPhases = (
				0416556C29E4EF470077B721 /* Sources */,
				0416556D29E4EF470077B721 /* Frameworks */,
				0416556E29E4EF470077B721 /* Resources */,
			);
			buildRules = (
			);
			dependencies = (
				0416557229E4EF470077B721 /* PBXTargetDependency */,
			);
			name = "AFL3-0706012110005-Kenneth Raffelino STests";
			productName = "AFL3-0706012110005-Kenneth Raffelino STests";
			productReference = 0416557029E4EF470077B721 /* AFL3-0706012110005-Kenneth Raffelino STests.xctest */;
			productType = "com.apple.product-type.bundle.unit-test";
		};
		0416557929E4EF470077B721 /* AFL3-0706012110005-Kenneth Raffelino SUITests */ = {
			isa = PBXNativeTarget;
			buildConfigurationList = 0416558A29E4EF470077B721 /* Build configuration list for PBXNativeTarget "AFL3-0706012110005-Kenneth Raffelino SUITests" */;
			buildPhases = (
				0416557629E4EF470077B721 /* Sources */,
				0416557729E4EF470077B721 /* Frameworks */,
				0416557829E4EF470077B721 /* Resources */,
			);
			buildRules = (
			);
			dependencies = (
				0416557C29E4EF470077B721 /* PBXTargetDependency */,
			);
			name = "AFL3-0706012110005-Kenneth Raffelino SUITests";
			productName = "AFL3-0706012110005-Kenneth Raffelino SUITests";
			productReference = 0416557A29E4EF470077B721 /* AFL3-0706012110005-Kenneth Raffelino SUITests.xctest */;
			productType = "com.apple.product-type.bundle.ui-testing";
		};
		0472EBD129F843A9004E2B68 /* MacLandmarks */ = {
			isa = PBXNativeTarget;
			buildConfigurationList = 0472EBFA29F843B0004E2B68 /* Build configuration list for PBXNativeTarget "MacLandmarks" */;
			buildPhases = (
				0472EBCE29F843A9004E2B68 /* Sources */,
				0472EBCF29F843A9004E2B68 /* Frameworks */,
				0472EBD029F843A9004E2B68 /* Resources */,
			);
			buildRules = (
			);
			dependencies = (
			);
			name = MacLandmarks;
			productName = MacLandmarks;
			productReference = 0472EBD229F843A9004E2B68 /* MacLandmarks.app */;
			productType = "com.apple.product-type.application";
		};
		0472EBE129F843AF004E2B68 /* MacLandmarksTests */ = {
			isa = PBXNativeTarget;
			buildConfigurationList = 0472EBFB29F843B0004E2B68 /* Build configuration list for PBXNativeTarget "MacLandmarksTests" */;
			buildPhases = (
				0472EBDE29F843AF004E2B68 /* Sources */,
				0472EBDF29F843AF004E2B68 /* Frameworks */,
				0472EBE029F843AF004E2B68 /* Resources */,
			);
			buildRules = (
			);
			dependencies = (
				0472EBE429F843AF004E2B68 /* PBXTargetDependency */,
			);
			name = MacLandmarksTests;
			productName = MacLandmarksTests;
			productReference = 0472EBE229F843AF004E2B68 /* MacLandmarksTests.xctest */;
			productType = "com.apple.product-type.bundle.unit-test";
		};
		0472EBEB29F843B0004E2B68 /* MacLandmarksUITests */ = {
			isa = PBXNativeTarget;
			buildConfigurationList = 0472EBFC29F843B0004E2B68 /* Build configuration list for PBXNativeTarget "MacLandmarksUITests" */;
			buildPhases = (
				0472EBE829F843B0004E2B68 /* Sources */,
				0472EBE929F843B0004E2B68 /* Frameworks */,
				0472EBEA29F843B0004E2B68 /* Resources */,
			);
			buildRules = (
			);
			dependencies = (
				0472EBEE29F843B0004E2B68 /* PBXTargetDependency */,
			);
			name = MacLandmarksUITests;
			productName = MacLandmarksUITests;
			productReference = 0472EBEC29F843B0004E2B68 /* MacLandmarksUITests.xctest */;
			productType = "com.apple.product-type.bundle.ui-testing";
		};
/* End PBXNativeTarget section */

/* Begin PBXProject section */
		0416555829E4EF450077B721 /* Project object */ = {
			isa = PBXProject;
			attributes = {
				BuildIndependentTargetsInParallel = 1;
				LastSwiftUpdateCheck = 1430;
				LastUpgradeCheck = 1430;
				TargetAttributes = {
					0416555F29E4EF450077B721 = {
						CreatedOnToolsVersion = 14.3;
					};
					0416556F29E4EF470077B721 = {
						CreatedOnToolsVersion = 14.3;
						TestTargetID = 0416555F29E4EF450077B721;
					};
					0416557929E4EF470077B721 = {
						CreatedOnToolsVersion = 14.3;
						TestTargetID = 0416555F29E4EF450077B721;
					};
					0472EBD129F843A9004E2B68 = {
						CreatedOnToolsVersion = 14.3;
					};
					0472EBE129F843AF004E2B68 = {
						CreatedOnToolsVersion = 14.3;
						TestTargetID = 0472EBD129F843A9004E2B68;
					};
					0472EBEB29F843B0004E2B68 = {
						CreatedOnToolsVersion = 14.3;
						TestTargetID = 0472EBD129F843A9004E2B68;
					};
				};
			};
			buildConfigurationList = 0416555B29E4EF450077B721 /* Build configuration list for PBXProject "AFL3-0706012110005-Kenneth Raffelino S" */;
			compatibilityVersion = "Xcode 14.0";
			developmentRegion = en;
			hasScannedForEncodings = 0;
			knownRegions = (
				en,
				Base,
			);
			mainGroup = 0416555729E4EF450077B721;
			productRefGroup = 0416556129E4EF450077B721 /* Products */;
			projectDirPath = "";
			projectRoot = "";
			targets = (
				0416555F29E4EF450077B721 /* AFL3-0706012110005-Kenneth Raffelino S */,
				0416556F29E4EF470077B721 /* AFL3-0706012110005-Kenneth Raffelino STests */,
				0416557929E4EF470077B721 /* AFL3-0706012110005-Kenneth Raffelino SUITests */,
				0472EBD129F843A9004E2B68 /* MacLandmarks */,
				0472EBE129F843AF004E2B68 /* MacLandmarksTests */,
				0472EBEB29F843B0004E2B68 /* MacLandmarksUITests */,
			);
		};
/* End PBXProject section */

/* Begin PBXResourcesBuildPhase section */
		0416555E29E4EF450077B721 /* Resources */ = {
			isa = PBXResourcesBuildPhase;
			buildActionMask = 2147483647;
			files = (
				04130EE729E8FAD700E0EFAB /* hikeData.json in Resources */,
				0416556B29E4EF470077B721 /* Preview Assets.xcassets in Resources */,
				0416556829E4EF470077B721 /* Assets.xcassets in Resources */,
				04130EC929E8E74D00E0EFAB /* landmarkData.json in Resources */,
			);
			runOnlyForDeploymentPostprocessing = 0;
		};
		0416556E29E4EF470077B721 /* Resources */ = {
			isa = PBXResourcesBuildPhase;
			buildActionMask = 2147483647;
			files = (
			);
			runOnlyForDeploymentPostprocessing = 0;
		};
		0416557829E4EF470077B721 /* Resources */ = {
			isa = PBXResourcesBuildPhase;
			buildActionMask = 2147483647;
			files = (
			);
			runOnlyForDeploymentPostprocessing = 0;
		};
		0472EBD029F843A9004E2B68 /* Resources */ = {
			isa = PBXResourcesBuildPhase;
			buildActionMask = 2147483647;
			files = (
				0472EBDC29F843AF004E2B68 /* Preview Assets.xcassets in Resources */,
				0472EC0529F98B04004E2B68 /* landmarkData.json in Resources */,
				0472EC0429F98B04004E2B68 /* hikeData.json in Resources */,
				0472EBD929F843AF004E2B68 /* Assets.xcassets in Resources */,
				0472EC0929F98B04004E2B68 /* Assets.xcassets in Resources */,
			);
			runOnlyForDeploymentPostprocessing = 0;
		};
		0472EBE029F843AF004E2B68 /* Resources */ = {
			isa = PBXResourcesBuildPhase;
			buildActionMask = 2147483647;
			files = (
			);
			runOnlyForDeploymentPostprocessing = 0;
		};
		0472EBEA29F843B0004E2B68 /* Resources */ = {
			isa = PBXResourcesBuildPhase;
			buildActionMask = 2147483647;
			files = (
			);
			runOnlyForDeploymentPostprocessing = 0;
		};
/* End PBXResourcesBuildPhase section */

/* Begin PBXSourcesBuildPhase section */
		0416555C29E4EF450077B721 /* Sources */ = {
			isa = PBXSourcesBuildPhase;
			buildActionMask = 2147483647;
			files = (
				04788E1229EE270500018058 /* CategoryRow.swift in Sources */,
				04788E1629EE2FBA00018058 /* Profile.swift in Sources */,
				04788E1B29EE303D00018058 /* ProfileSumary.swift in Sources */,
				0416556629E4EF450077B721 /* ContentView.swift in Sources */,
				04788E2429EE374D00018058 /* FeatureCard.swift in Sources */,
				04788E1029EE257F00018058 /* CategoryHome.swift in Sources */,
				04130EF229E8FB4300E0EFAB /* HikeGraph.swift in Sources */,
				04130EE429E8F95D00E0EFAB /* Badge.swift in Sources */,
				0416559029E4F6140077B721 /* MapView.swift in Sources */,
				04130EF129E8FB4300E0EFAB /* GraphCapsule.swift in Sources */,
				04788E2829EE3B6000018058 /* PageControl.swift in Sources */,
				04130EE229E8F8A600E0EFAB /* RotateBadgeSymbol.swift in Sources */,
				0416556429E4EF450077B721 /* AFL3_0706012110005_Kenneth_Raffelino_SApp.swift in Sources */,
				04788E1429EE282F00018058 /* CategoryItem.swift in Sources */,
				04130EF329E8FB4300E0EFAB /* HikeDetail.swift in Sources */,
				04130ED829E8F50600E0EFAB /* FavoriteButton.swift in Sources */,
				04788E1929EE301700018058 /* ProfileHost.swift in Sources */,
				04130EE929E8FAF300E0EFAB /* Hike.swift in Sources */,
				04130EDC29E8F5F100E0EFAB /* HexagonParameters.swift in Sources */,
				04788E2629EE37AD00018058 /* PageView.swift in Sources */,
				04130EE029E8F82600E0EFAB /* BadgeSymbol.swift in Sources */,
				04788E1F29EE324D00018058 /* ProfileEditor.swift in Sources */,
				04130ED429E8EAB300E0EFAB /* LandmarkList.swift in Sources */,
				04130EF429E8FB4300E0EFAB /* HikeView.swift in Sources */,
				04130ED629E8EB6E00E0EFAB /* LandmarkDetail.swift in Sources */,
				04788E2229EE365D00018058 /* PageViewController.swift in Sources */,
				04130EDE29E8F63C00E0EFAB /* BadgeBackground.swift in Sources */,
				04788E1D29EE307D00018058 /* HikeBadge.swift in Sources */,
				0416558E29E4F52F0077B721 /* CircleImage.swift in Sources */,
				04130ECB29E8E77B00E0EFAB /* Landmark.swift in Sources */,
				04130ED229E8E8E500E0EFAB /* LandmarkRow.swift in Sources */,
				04130ECD29E8E7FF00E0EFAB /* ModelData.swift in Sources */,
			);
			runOnlyForDeploymentPostprocessing = 0;
		};
		0416556C29E4EF470077B721 /* Sources */ = {
			isa = PBXSourcesBuildPhase;
			buildActionMask = 2147483647;
			files = (
				0416557529E4EF470077B721 /* AFL3_0706012110005_Kenneth_Raffelino_STests.swift in Sources */,
			);
			runOnlyForDeploymentPostprocessing = 0;
		};
		0416557629E4EF470077B721 /* Sources */ = {
			isa = PBXSourcesBuildPhase;
			buildActionMask = 2147483647;
			files = (
				0416557F29E4EF470077B721 /* AFL3_0706012110005_Kenneth_Raffelino_SUITests.swift in Sources */,
				0416558129E4EF470077B721 /* AFL3_0706012110005_Kenneth_Raffelino_SUITestsLaunchTests.swift in Sources */,
			);
			runOnlyForDeploymentPostprocessing = 0;
		};
		0472EBCE29F843A9004E2B68 /* Sources */ = {
			isa = PBXSourcesBuildPhase;
			buildActionMask = 2147483647;
			files = (
				0472EBFE29F98B04004E2B68 /* Hike.swift in Sources */,
				0472EBFF29F98B04004E2B68 /* Profile.swift in Sources */,
				0472EC0729F98B04004E2B68 /* ModelData.swift in Sources */,
				0472EC0029F98B04004E2B68 /* AFL3_0706012110005_Kenneth_Raffelino_SApp.swift in Sources */,
				0472EC0629F98B04004E2B68 /* Landmark.swift in Sources */,
				0472EC0329F98B04004E2B68 /* LandmarkList.swift in Sources */,
				0472EC0229F98B04004E2B68 /* FavoriteButton.swift in Sources */,
				0472EC0829F98B04004E2B68 /* MapView.swift in Sources */,
				0472EC0A29F98B04004E2B68 /* LandmarkRow.swift in Sources */,
				0472EBD729F843A9004E2B68 /* ContentView.swift in Sources */,
				0472EC0129F98B04004E2B68 /* CircleImage.swift in Sources */,
			);
			runOnlyForDeploymentPostprocessing = 0;
		};
		0472EBDE29F843AF004E2B68 /* Sources */ = {
			isa = PBXSourcesBuildPhase;
			buildActionMask = 2147483647;
			files = (
				0472EBE729F843B0004E2B68 /* MacLandmarksTests.swift in Sources */,
			);
			runOnlyForDeploymentPostprocessing = 0;
		};
		0472EBE829F843B0004E2B68 /* Sources */ = {
			isa = PBXSourcesBuildPhase;
			buildActionMask = 2147483647;
			files = (
				0472EBF329F843B0004E2B68 /* MacLandmarksUITestsLaunchTests.swift in Sources */,
				0472EBF129F843B0004E2B68 /* MacLandmarksUITests.swift in Sources */,
			);
			runOnlyForDeploymentPostprocessing = 0;
		};
/* End PBXSourcesBuildPhase section */

/* Begin PBXTargetDependency section */
		0416557229E4EF470077B721 /* PBXTargetDependency */ = {
			isa = PBXTargetDependency;
			target = 0416555F29E4EF450077B721 /* AFL3-0706012110005-Kenneth Raffelino S */;
			targetProxy = 0416557129E4EF470077B721 /* PBXContainerItemProxy */;
		};
		0416557C29E4EF470077B721 /* PBXTargetDependency */ = {
			isa = PBXTargetDependency;
			target = 0416555F29E4EF450077B721 /* AFL3-0706012110005-Kenneth Raffelino S */;
			targetProxy = 0416557B29E4EF470077B721 /* PBXContainerItemProxy */;
		};
		0472EBE429F843AF004E2B68 /* PBXTargetDependency */ = {
			isa = PBXTargetDependency;
			target = 0472EBD129F843A9004E2B68 /* MacLandmarks */;
			targetProxy = 0472EBE329F843AF004E2B68 /* PBXContainerItemProxy */;
		};
		0472EBEE29F843B0004E2B68 /* PBXTargetDependency */ = {
			isa = PBXTargetDependency;
			target = 0472EBD129F843A9004E2B68 /* MacLandmarks */;
			targetProxy = 0472EBED29F843B0004E2B68 /* PBXContainerItemProxy */;
		};
/* End PBXTargetDependency section */

/* Begin XCBuildConfiguration section */
		0416558229E4EF470077B721 /* Debug */ = {
			isa = XCBuildConfiguration;
			buildSettings = {
				ALWAYS_SEARCH_USER_PATHS = NO;
				CLANG_ANALYZER_NONNULL = YES;
				CLANG_ANALYZER_NUMBER_OBJECT_CONVERSION = YES_AGGRESSIVE;
				CLANG_CXX_LANGUAGE_STANDARD = "gnu++20";
				CLANG_ENABLE_MODULES = YES;
				CLANG_ENABLE_OBJC_ARC = YES;
				CLANG_ENABLE_OBJC_WEAK = YES;
				CLANG_WARN_BLOCK_CAPTURE_AUTORELEASING = YES;
				CLANG_WARN_BOOL_CONVERSION = YES;
				CLANG_WARN_COMMA = YES;
				CLANG_WARN_CONSTANT_CONVERSION = YES;
				CLANG_WARN_DEPRECATED_OBJC_IMPLEMENTATIONS = YES;
				CLANG_WARN_DIRECT_OBJC_ISA_USAGE = YES_ERROR;
				CLANG_WARN_DOCUMENTATION_COMMENTS = YES;
				CLANG_WARN_EMPTY_BODY = YES;
				CLANG_WARN_ENUM_CONVERSION = YES;
				CLANG_WARN_INFINITE_RECURSION = YES;
				CLANG_WARN_INT_CONVERSION = YES;
				CLANG_WARN_NON_LITERAL_NULL_CONVERSION = YES;
				CLANG_WARN_OBJC_IMPLICIT_RETAIN_SELF = YES;
				CLANG_WARN_OBJC_LITERAL_CONVERSION = YES;
				CLANG_WARN_OBJC_ROOT_CLASS = YES_ERROR;
				CLANG_WARN_QUOTED_INCLUDE_IN_FRAMEWORK_HEADER = YES;
				CLANG_WARN_RANGE_LOOP_ANALYSIS = YES;
				CLANG_WARN_STRICT_PROTOTYPES = YES;
				CLANG_WARN_SUSPICIOUS_MOVE = YES;
				CLANG_WARN_UNGUARDED_AVAILABILITY = YES_AGGRESSIVE;
				CLANG_WARN_UNREACHABLE_CODE = YES;
				CLANG_WARN__DUPLICATE_METHOD_MATCH = YES;
				COPY_PHASE_STRIP = NO;
				DEBUG_INFORMATION_FORMAT = dwarf;
				ENABLE_STRICT_OBJC_MSGSEND = YES;
				ENABLE_TESTABILITY = YES;
				GCC_C_LANGUAGE_STANDARD = gnu11;
				GCC_DYNAMIC_NO_PIC = NO;
				GCC_NO_COMMON_BLOCKS = YES;
				GCC_OPTIMIZATION_LEVEL = 0;
				GCC_PREPROCESSOR_DEFINITIONS = (
					"DEBUG=1",
					"$(inherited)",
				);
				GCC_WARN_64_TO_32_BIT_CONVERSION = YES;
				GCC_WARN_ABOUT_RETURN_TYPE = YES_ERROR;
				GCC_WARN_UNDECLARED_SELECTOR = YES;
				GCC_WARN_UNINITIALIZED_AUTOS = YES_AGGRESSIVE;
				GCC_WARN_UNUSED_FUNCTION = YES;
				GCC_WARN_UNUSED_VARIABLE = YES;
				IPHONEOS_DEPLOYMENT_TARGET = 16.4;
				MTL_ENABLE_DEBUG_INFO = INCLUDE_SOURCE;
				MTL_FAST_MATH = YES;
				ONLY_ACTIVE_ARCH = YES;
				SDKROOT = iphoneos;
				SWIFT_ACTIVE_COMPILATION_CONDITIONS = DEBUG;
				SWIFT_OPTIMIZATION_LEVEL = "-Onone";
			};
			name = Debug;
		};
		0416558329E4EF470077B721 /* Release */ = {
			isa = XCBuildConfiguration;
			buildSettings = {
				ALWAYS_SEARCH_USER_PATHS = NO;
				CLANG_ANALYZER_NONNULL = YES;
				CLANG_ANALYZER_NUMBER_OBJECT_CONVERSION = YES_AGGRESSIVE;
				CLANG_CXX_LANGUAGE_STANDARD = "gnu++20";
				CLANG_ENABLE_MODULES = YES;
				CLANG_ENABLE_OBJC_ARC = YES;
				CLANG_ENABLE_OBJC_WEAK = YES;
				CLANG_WARN_BLOCK_CAPTURE_AUTORELEASING = YES;
				CLANG_WARN_BOOL_CONVERSION = YES;
				CLANG_WARN_COMMA = YES;
				CLANG_WARN_CONSTANT_CONVERSION = YES;
				CLANG_WARN_DEPRECATED_OBJC_IMPLEMENTATIONS = YES;
				CLANG_WARN_DIRECT_OBJC_ISA_USAGE = YES_ERROR;
				CLANG_WARN_DOCUMENTATION_COMMENTS = YES;
				CLANG_WARN_EMPTY_BODY = YES;
				CLANG_WARN_ENUM_CONVERSION = YES;
				CLANG_WARN_INFINITE_RECURSION = YES;
				CLANG_WARN_INT_CONVERSION = YES;
				CLANG_WARN_NON_LITERAL_NULL_CONVERSION = YES;
				CLANG_WARN_OBJC_IMPLICIT_RETAIN_SELF = YES;
				CLANG_WARN_OBJC_LITERAL_CONVERSION = YES;
				CLANG_WARN_OBJC_ROOT_CLASS = YES_ERROR;
				CLANG_WARN_QUOTED_INCLUDE_IN_FRAMEWORK_HEADER = YES;
				CLANG_WARN_RANGE_LOOP_ANALYSIS = YES;
				CLANG_WARN_STRICT_PROTOTYPES = YES;
				CLANG_WARN_SUSPICIOUS_MOVE = YES;
				CLANG_WARN_UNGUARDED_AVAILABILITY = YES_AGGRESSIVE;
				CLANG_WARN_UNREACHABLE_CODE = YES;
				CLANG_WARN__DUPLICATE_METHOD_MATCH = YES;
				COPY_PHASE_STRIP = NO;
				DEBUG_INFORMATION_FORMAT = "dwarf-with-dsym";
				ENABLE_NS_ASSERTIONS = NO;
				ENABLE_STRICT_OBJC_MSGSEND = YES;
				GCC_C_LANGUAGE_STANDARD = gnu11;
				GCC_NO_COMMON_BLOCKS = YES;
				GCC_WARN_64_TO_32_BIT_CONVERSION = YES;
				GCC_WARN_ABOUT_RETURN_TYPE = YES_ERROR;
				GCC_WARN_UNDECLARED_SELECTOR = YES;
				GCC_WARN_UNINITIALIZED_AUTOS = YES_AGGRESSIVE;
				GCC_WARN_UNUSED_FUNCTION = YES;
				GCC_WARN_UNUSED_VARIABLE = YES;
				IPHONEOS_DEPLOYMENT_TARGET = 16.4;
				MTL_ENABLE_DEBUG_INFO = NO;
				MTL_FAST_MATH = YES;
				SDKROOT = iphoneos;
				SWIFT_COMPILATION_MODE = wholemodule;
				SWIFT_OPTIMIZATION_LEVEL = "-O";
				VALIDATE_PRODUCT = YES;
			};
			name = Release;
		};
		0416558529E4EF470077B721 /* Debug */ = {
			isa = XCBuildConfiguration;
			buildSettings = {
				ASSETCATALOG_COMPILER_APPICON_NAME = AppIcon;
				ASSETCATALOG_COMPILER_GLOBAL_ACCENT_COLOR_NAME = AccentColor;
				CODE_SIGN_STYLE = Automatic;
				CURRENT_PROJECT_VERSION = 1;
				DEVELOPMENT_ASSET_PATHS = "\"AFL3-0706012110005-Kenneth Raffelino S/Preview Content\"";
				DEVELOPMENT_TEAM = 7Q442Z6DZ6;
				ENABLE_PREVIEWS = YES;
				GENERATE_INFOPLIST_FILE = YES;
				INFOPLIST_KEY_UIApplicationSceneManifest_Generation = YES;
				INFOPLIST_KEY_UIApplicationSupportsIndirectInputEvents = YES;
				INFOPLIST_KEY_UILaunchScreen_Generation = YES;
				INFOPLIST_KEY_UISupportedInterfaceOrientations_iPad = "UIInterfaceOrientationPortrait UIInterfaceOrientationPortraitUpsideDown UIInterfaceOrientationLandscapeLeft UIInterfaceOrientationLandscapeRight";
				INFOPLIST_KEY_UISupportedInterfaceOrientations_iPhone = "UIInterfaceOrientationPortrait UIInterfaceOrientationLandscapeLeft UIInterfaceOrientationLandscapeRight";
				LD_RUNPATH_SEARCH_PATHS = (
					"$(inherited)",
					"@executable_path/Frameworks",
				);
				MARKETING_VERSION = 1.0;
				PRODUCT_BUNDLE_IDENTIFIER = "UCiputra.AFL3-0706012110005-Kenneth-Raffelino-S";
				PRODUCT_NAME = "$(TARGET_NAME)";
				SWIFT_EMIT_LOC_STRINGS = YES;
				SWIFT_VERSION = 5.0;
				TARGETED_DEVICE_FAMILY = "1,2";
			};
			name = Debug;
		};
		0416558629E4EF470077B721 /* Release */ = {
			isa = XCBuildConfiguration;
			buildSettings = {
				ASSETCATALOG_COMPILER_APPICON_NAME = AppIcon;
				ASSETCATALOG_COMPILER_GLOBAL_ACCENT_COLOR_NAME = AccentColor;
				CODE_SIGN_STYLE = Automatic;
				CURRENT_PROJECT_VERSION = 1;
				DEVELOPMENT_ASSET_PATHS = "\"AFL3-0706012110005-Kenneth Raffelino S/Preview Content\"";
				DEVELOPMENT_TEAM = 7Q442Z6DZ6;
				ENABLE_PREVIEWS = YES;
				GENERATE_INFOPLIST_FILE = YES;
				INFOPLIST_KEY_UIApplicationSceneManifest_Generation = YES;
				INFOPLIST_KEY_UIApplicationSupportsIndirectInputEvents = YES;
				INFOPLIST_KEY_UILaunchScreen_Generation = YES;
				INFOPLIST_KEY_UISupportedInterfaceOrientations_iPad = "UIInterfaceOrientationPortrait UIInterfaceOrientationPortraitUpsideDown UIInterfaceOrientationLandscapeLeft UIInterfaceOrientationLandscapeRight";
				INFOPLIST_KEY_UISupportedInterfaceOrientations_iPhone = "UIInterfaceOrientationPortrait UIInterfaceOrientationLandscapeLeft UIInterfaceOrientationLandscapeRight";
				LD_RUNPATH_SEARCH_PATHS = (
					"$(inherited)",
					"@executable_path/Frameworks",
				);
				MARKETING_VERSION = 1.0;
				PRODUCT_BUNDLE_IDENTIFIER = "UCiputra.AFL3-0706012110005-Kenneth-Raffelino-S";
				PRODUCT_NAME = "$(TARGET_NAME)";
				SWIFT_EMIT_LOC_STRINGS = YES;
				SWIFT_VERSION = 5.0;
				TARGETED_DEVICE_FAMILY = "1,2";
			};
			name = Release;
		};
		0416558829E4EF470077B721 /* Debug */ = {
			isa = XCBuildConfiguration;
			buildSettings = {
				ALWAYS_EMBED_SWIFT_STANDARD_LIBRARIES = YES;
				BUNDLE_LOADER = "$(TEST_HOST)";
				CODE_SIGN_STYLE = Automatic;
				CURRENT_PROJECT_VERSION = 1;
				DEVELOPMENT_TEAM = 7Q442Z6DZ6;
				GENERATE_INFOPLIST_FILE = YES;
				IPHONEOS_DEPLOYMENT_TARGET = 16.4;
				MARKETING_VERSION = 1.0;
				PRODUCT_BUNDLE_IDENTIFIER = "UCiputra.AFL3-0706012110005-Kenneth-Raffelino-STests";
				PRODUCT_NAME = "$(TARGET_NAME)";
				SWIFT_EMIT_LOC_STRINGS = NO;
				SWIFT_VERSION = 5.0;
				TARGETED_DEVICE_FAMILY = "1,2";
				TEST_HOST = "$(BUILT_PRODUCTS_DIR)/AFL3-0706012110005-Kenneth Raffelino S.app/$(BUNDLE_EXECUTABLE_FOLDER_PATH)/AFL3-0706012110005-Kenneth Raffelino S";
			};
			name = Debug;
		};
		0416558929E4EF470077B721 /* Release */ = {
			isa = XCBuildConfiguration;
			buildSettings = {
				ALWAYS_EMBED_SWIFT_STANDARD_LIBRARIES = YES;
				BUNDLE_LOADER = "$(TEST_HOST)";
				CODE_SIGN_STYLE = Automatic;
				CURRENT_PROJECT_VERSION = 1;
				DEVELOPMENT_TEAM = 7Q442Z6DZ6;
				GENERATE_INFOPLIST_FILE = YES;
				IPHONEOS_DEPLOYMENT_TARGET = 16.4;
				MARKETING_VERSION = 1.0;
				PRODUCT_BUNDLE_IDENTIFIER = "UCiputra.AFL3-0706012110005-Kenneth-Raffelino-STests";
				PRODUCT_NAME = "$(TARGET_NAME)";
				SWIFT_EMIT_LOC_STRINGS = NO;
				SWIFT_VERSION = 5.0;
				TARGETED_DEVICE_FAMILY = "1,2";
				TEST_HOST = "$(BUILT_PRODUCTS_DIR)/AFL3-0706012110005-Kenneth Raffelino S.app/$(BUNDLE_EXECUTABLE_FOLDER_PATH)/AFL3-0706012110005-Kenneth Raffelino S";
			};
			name = Release;
		};
		0416558B29E4EF470077B721 /* Debug */ = {
			isa = XCBuildConfiguration;
			buildSettings = {
				ALWAYS_EMBED_SWIFT_STANDARD_LIBRARIES = YES;
				CODE_SIGN_STYLE = Automatic;
				CURRENT_PROJECT_VERSION = 1;
				DEVELOPMENT_TEAM = 7Q442Z6DZ6;
				GENERATE_INFOPLIST_FILE = YES;
				MARKETING_VERSION = 1.0;
				PRODUCT_BUNDLE_IDENTIFIER = "UCiputra.AFL3-0706012110005-Kenneth-Raffelino-SUITests";
				PRODUCT_NAME = "$(TARGET_NAME)";
				SWIFT_EMIT_LOC_STRINGS = NO;
				SWIFT_VERSION = 5.0;
				TARGETED_DEVICE_FAMILY = "1,2";
				TEST_TARGET_NAME = "AFL3-0706012110005-Kenneth Raffelino S";
			};
			name = Debug;
		};
		0416558C29E4EF470077B721 /* Release */ = {
			isa = XCBuildConfiguration;
			buildSettings = {
				ALWAYS_EMBED_SWIFT_STANDARD_LIBRARIES = YES;
				CODE_SIGN_STYLE = Automatic;
				CURRENT_PROJECT_VERSION = 1;
				DEVELOPMENT_TEAM = 7Q442Z6DZ6;
				GENERATE_INFOPLIST_FILE = YES;
				MARKETING_VERSION = 1.0;
				PRODUCT_BUNDLE_IDENTIFIER = "UCiputra.AFL3-0706012110005-Kenneth-Raffelino-SUITests";
				PRODUCT_NAME = "$(TARGET_NAME)";
				SWIFT_EMIT_LOC_STRINGS = NO;
				SWIFT_VERSION = 5.0;
				TARGETED_DEVICE_FAMILY = "1,2";
				TEST_TARGET_NAME = "AFL3-0706012110005-Kenneth Raffelino S";
			};
			name = Release;
		};
		0472EBF429F843B0004E2B68 /* Debug */ = {
			isa = XCBuildConfiguration;
			buildSettings = {
				ASSETCATALOG_COMPILER_APPICON_NAME = AppIcon;
				ASSETCATALOG_COMPILER_GLOBAL_ACCENT_COLOR_NAME = AccentColor;
				CODE_SIGN_ENTITLEMENTS = MacLandmarks/MacLandmarks.entitlements;
				"CODE_SIGN_IDENTITY[sdk=macosx*]" = "Apple Development";
				CODE_SIGN_STYLE = Automatic;
				COMBINE_HIDPI_IMAGES = YES;
				CURRENT_PROJECT_VERSION = 1;
				DEVELOPMENT_ASSET_PATHS = "\"MacLandmarks/Preview Content\"";
				DEVELOPMENT_TEAM = 7Q442Z6DZ6;
				ENABLE_HARDENED_RUNTIME = YES;
				ENABLE_PREVIEWS = YES;
				GENERATE_INFOPLIST_FILE = YES;
				INFOPLIST_KEY_NSHumanReadableCopyright = "";
				LD_RUNPATH_SEARCH_PATHS = (
					"$(inherited)",
					"@executable_path/../Frameworks",
				);
				MACOSX_DEPLOYMENT_TARGET = 13.2;
				MARKETING_VERSION = 1.0;
				PRODUCT_BUNDLE_IDENTIFIER = UCiputra.MacLandmarks;
				PRODUCT_NAME = "$(TARGET_NAME)";
				SDKROOT = macosx;
				SWIFT_EMIT_LOC_STRINGS = YES;
				SWIFT_VERSION = 5.0;
			};
			name = Debug;
		};
		0472EBF529F843B0004E2B68 /* Release */ = {
			isa = XCBuildConfiguration;
			buildSettings = {
				ASSETCATALOG_COMPILER_APPICON_NAME = AppIcon;
				ASSETCATALOG_COMPILER_GLOBAL_ACCENT_COLOR_NAME = AccentColor;
				CODE_SIGN_ENTITLEMENTS = MacLandmarks/MacLandmarks.entitlements;
				"CODE_SIGN_IDENTITY[sdk=macosx*]" = "Apple Development";
				CODE_SIGN_STYLE = Automatic;
				COMBINE_HIDPI_IMAGES = YES;
				CURRENT_PROJECT_VERSION = 1;
				DEVELOPMENT_ASSET_PATHS = "\"MacLandmarks/Preview Content\"";
				DEVELOPMENT_TEAM = 7Q442Z6DZ6;
				ENABLE_HARDENED_RUNTIME = YES;
				ENABLE_PREVIEWS = YES;
				GENERATE_INFOPLIST_FILE = YES;
				INFOPLIST_KEY_NSHumanReadableCopyright = "";
				LD_RUNPATH_SEARCH_PATHS = (
					"$(inherited)",
					"@executable_path/../Frameworks",
				);
				MACOSX_DEPLOYMENT_TARGET = 13.2;
				MARKETING_VERSION = 1.0;
				PRODUCT_BUNDLE_IDENTIFIER = UCiputra.MacLandmarks;
				PRODUCT_NAME = "$(TARGET_NAME)";
				SDKROOT = macosx;
				SWIFT_EMIT_LOC_STRINGS = YES;
				SWIFT_VERSION = 5.0;
			};
			name = Release;
		};
		0472EBF629F843B0004E2B68 /* Debug */ = {
			isa = XCBuildConfiguration;
			buildSettings = {
				ALWAYS_EMBED_SWIFT_STANDARD_LIBRARIES = YES;
				BUNDLE_LOADER = "$(TEST_HOST)";
				CODE_SIGN_STYLE = Automatic;
				CURRENT_PROJECT_VERSION = 1;
				DEVELOPMENT_TEAM = 7Q442Z6DZ6;
				GENERATE_INFOPLIST_FILE = YES;
				MACOSX_DEPLOYMENT_TARGET = 13.2;
				MARKETING_VERSION = 1.0;
				PRODUCT_BUNDLE_IDENTIFIER = UCiputra.MacLandmarksTests;
				PRODUCT_NAME = "$(TARGET_NAME)";
				SDKROOT = macosx;
				SWIFT_EMIT_LOC_STRINGS = NO;
				SWIFT_VERSION = 5.0;
				TEST_HOST = "$(BUILT_PRODUCTS_DIR)/MacLandmarks.app/$(BUNDLE_EXECUTABLE_FOLDER_PATH)/MacLandmarks";
			};
			name = Debug;
		};
		0472EBF729F843B0004E2B68 /* Release */ = {
			isa = XCBuildConfiguration;
			buildSettings = {
				ALWAYS_EMBED_SWIFT_STANDARD_LIBRARIES = YES;
				BUNDLE_LOADER = "$(TEST_HOST)";
				CODE_SIGN_STYLE = Automatic;
				CURRENT_PROJECT_VERSION = 1;
				DEVELOPMENT_TEAM = 7Q442Z6DZ6;
				GENERATE_INFOPLIST_FILE = YES;
				MACOSX_DEPLOYMENT_TARGET = 13.2;
				MARKETING_VERSION = 1.0;
				PRODUCT_BUNDLE_IDENTIFIER = UCiputra.MacLandmarksTests;
				PRODUCT_NAME = "$(TARGET_NAME)";
				SDKROOT = macosx;
				SWIFT_EMIT_LOC_STRINGS = NO;
				SWIFT_VERSION = 5.0;
				TEST_HOST = "$(BUILT_PRODUCTS_DIR)/MacLandmarks.app/$(BUNDLE_EXECUTABLE_FOLDER_PATH)/MacLandmarks";
			};
			name = Release;
		};
		0472EBF829F843B0004E2B68 /* Debug */ = {
			isa = XCBuildConfiguration;
			buildSettings = {
				ALWAYS_EMBED_SWIFT_STANDARD_LIBRARIES = YES;
				CODE_SIGN_STYLE = Automatic;
				CURRENT_PROJECT_VERSION = 1;
				DEVELOPMENT_TEAM = 7Q442Z6DZ6;
				GENERATE_INFOPLIST_FILE = YES;
				MACOSX_DEPLOYMENT_TARGET = 13.2;
				MARKETING_VERSION = 1.0;
				PRODUCT_BUNDLE_IDENTIFIER = UCiputra.MacLandmarksUITests;
				PRODUCT_NAME = "$(TARGET_NAME)";
				SDKROOT = macosx;
				SWIFT_EMIT_LOC_STRINGS = NO;
				SWIFT_VERSION = 5.0;
				TEST_TARGET_NAME = MacLandmarks;
			};
			name = Debug;
		};
		0472EBF929F843B0004E2B68 /* Release */ = {
			isa = XCBuildConfiguration;
			buildSettings = {
				ALWAYS_EMBED_SWIFT_STANDARD_LIBRARIES = YES;
				CODE_SIGN_STYLE = Automatic;
				CURRENT_PROJECT_VERSION = 1;
				DEVELOPMENT_TEAM = 7Q442Z6DZ6;
				GENERATE_INFOPLIST_FILE = YES;
				MACOSX_DEPLOYMENT_TARGET = 13.2;
				MARKETING_VERSION = 1.0;
				PRODUCT_BUNDLE_IDENTIFIER = UCiputra.MacLandmarksUITests;
				PRODUCT_NAME = "$(TARGET_NAME)";
				SDKROOT = macosx;
				SWIFT_EMIT_LOC_STRINGS = NO;
				SWIFT_VERSION = 5.0;
				TEST_TARGET_NAME = MacLandmarks;
			};
			name = Release;
		};
/* End XCBuildConfiguration section */

/* Begin XCConfigurationList section */
		0416555B29E4EF450077B721 /* Build configuration list for PBXProject "AFL3-0706012110005-Kenneth Raffelino S" */ = {
			isa = XCConfigurationList;
			buildConfigurations = (
				0416558229E4EF470077B721 /* Debug */,
				0416558329E4EF470077B721 /* Release */,
			);
			defaultConfigurationIsVisible = 0;
			defaultConfigurationName = Release;
		};
		0416558429E4EF470077B721 /* Build configuration list for PBXNativeTarget "AFL3-0706012110005-Kenneth Raffelino S" */ = {
			isa = XCConfigurationList;
			buildConfigurations = (
				0416558529E4EF470077B721 /* Debug */,
				0416558629E4EF470077B721 /* Release */,
			);
			defaultConfigurationIsVisible = 0;
			defaultConfigurationName = Release;
		};
		0416558729E4EF470077B721 /* Build configuration list for PBXNativeTarget "AFL3-0706012110005-Kenneth Raffelino STests" */ = {
			isa = XCConfigurationList;
			buildConfigurations = (
				0416558829E4EF470077B721 /* Debug */,
				0416558929E4EF470077B721 /* Release */,
			);
			defaultConfigurationIsVisible = 0;
			defaultConfigurationName = Release;
		};
		0416558A29E4EF470077B721 /* Build configuration list for PBXNativeTarget "AFL3-0706012110005-Kenneth Raffelino SUITests" */ = {
			isa = XCConfigurationList;
			buildConfigurations = (
				0416558B29E4EF470077B721 /* Debug */,
				0416558C29E4EF470077B721 /* Release */,
			);
			defaultConfigurationIsVisible = 0;
			defaultConfigurationName = Release;
		};
		0472EBFA29F843B0004E2B68 /* Build configuration list for PBXNativeTarget "MacLandmarks" */ = {
			isa = XCConfigurationList;
			buildConfigurations = (
				0472EBF429F843B0004E2B68 /* Debug */,
				0472EBF529F843B0004E2B68 /* Release */,
			);
			defaultConfigurationIsVisible = 0;
			defaultConfigurationName = Release;
		};
		0472EBFB29F843B0004E2B68 /* Build configuration list for PBXNativeTarget "MacLandmarksTests" */ = {
			isa = XCConfigurationList;
			buildConfigurations = (
				0472EBF629F843B0004E2B68 /* Debug */,
				0472EBF729F843B0004E2B68 /* Release */,
			);
			defaultConfigurationIsVisible = 0;
			defaultConfigurationName = Release;
		};
		0472EBFC29F843B0004E2B68 /* Build configuration list for PBXNativeTarget "MacLandmarksUITests" */ = {
			isa = XCConfigurationList;
			buildConfigurations = (
				0472EBF829F843B0004E2B68 /* Debug */,
				0472EBF929F843B0004E2B68 /* Release */,
			);
			defaultConfigurationIsVisible = 0;
			defaultConfigurationName = Release;
		};
/* End XCConfigurationList section */
	};
	rootObject = 0416555829E4EF450077B721 /* Project object */;
}
